
Microsoft Visual Studio Solution File, Format Version 12.00
# Visual Studio Version 17
VisualStudioVersion = 17.14.36109.1
MinimumVisualStudioVersion = 10.0.40219.1
Project("{2150E333-8FDC-42A3-9474-1A3956D46DE8}") = "0_DTOs", "0_DTOs", "{02EA681E-C7D8-13C7-8484-4AC65E1B71E8}"
EndProject
Project("{2150E333-8FDC-42A3-9474-1A3956D46DE8}") = "1_DataAccess", "1_DataAccess", "{3ACDDECD-EFE1-431A-ACF8-DC47F2474853}"
EndProject
Project("{2150E333-8FDC-42A3-9474-1A3956D46DE8}") = "2_CoreApp", "2_CoreApp", "{2FE459EA-DADC-4F55-B006-F7C85EDBDA22}"
EndProject
Project("{2150E333-8FDC-42A3-9474-1A3956D46DE8}") = "3_Exceptions", "3_Exceptions", "{1C7E7B56-2BD1-4B07-935A-512D61978CF1}"
EndProject
Project("{2150E333-8FDC-42A3-9474-1A3956D46DE8}") = "4_WebAPI", "4_WebAPI", "{543155D4-C4C8-46FF-810C-69A9D6638F73}"
EndProject
Project("{2150E333-8FDC-42A3-9474-1A3956D46DE8}") = "5_WebApp", "5_WebApp", "{DA8B7C6E-9AF0-46BB-BAB6-E0D075678000}"
EndProject
Project("{2150E333-8FDC-42A3-9474-1A3956D46DE8}") = "99_Testing", "99_Testing", "{78C0ECEB-087A-4A8A-90E1-5AB8ED26B176}"
EndProject
Project("{FAE04EC0-301F-11D3-BF4B-00C04F79EFBC}") = "DTOs", "DTOs\DTOs.csproj", "{33E87F0A-D785-4C15-843A-0245606FC1F7}"
EndProject
Project("{FAE04EC0-301F-11D3-BF4B-00C04F79EFBC}") = "DataAccess", "DataAccess\DataAccess.csproj", "{A5DB719C-719F-405E-B0FC-65455A41D5D8}"
EndProject
Project("{FAE04EC0-301F-11D3-BF4B-00C04F79EFBC}") = "CoreApp", "CoreApp\CoreApp.csproj", "{1A16F9B3-7D26-40E7-9CA1-7773B0C5130B}"
EndProject
Project("{FAE04EC0-301F-11D3-BF4B-00C04F79EFBC}") = "ExceptionManager", "ExceptionManager\ExceptionManager.csproj", "{C0AB4B58-6BE8-4285-BE55-A994A9F3150A}"
EndProject
Project("{FAE04EC0-301F-11D3-BF4B-00C04F79EFBC}") = "WebAPI", "WebAPI\WebAPI.csproj", "{8C4940F3-D2D0-46F1-9270-6627FBFC1E9D}"
EndProject
Project("{FAE04EC0-301F-11D3-BF4B-00C04F79EFBC}") = "WebApp", "WebApp\WebApp.csproj", "{6B9DCC06-0388-41A5-9E41-0B4D7B4E7801}"
EndProject
Project("{FAE04EC0-301F-11D3-BF4B-00C04F79EFBC}") = "DevTester", "DevTester\DevTester.csproj", "{B5F8FF1A-9B4E-49CD-9E62-8F35F180525C}"
EndProject
Global
	GlobalSection(SolutionConfigurationPlatforms) = preSolution
		Debug|Any CPU = Debug|Any CPU
		Release|Any CPU = Release|Any CPU
	EndGlobalSection
	GlobalSection(ProjectConfigurationPlatforms) = postSolution
		{33E87F0A-D785-4C15-843A-0245606FC1F7}.Debug|Any CPU.ActiveCfg = Debug|Any CPU
		{33E87F0A-D785-4C15-843A-0245606FC1F7}.Debug|Any CPU.Build.0 = Debug|Any CPU
		{33E87F0A-D785-4C15-843A-0245606FC1F7}.Release|Any CPU.ActiveCfg = Release|Any CPU
		{33E87F0A-D785-4C15-843A-0245606FC1F7}.Release|Any CPU.Build.0 = Release|Any CPU
		{A5DB719C-719F-405E-B0FC-65455A41D5D8}.Debug|Any CPU.ActiveCfg = Debug|Any CPU
		{A5DB719C-719F-405E-B0FC-65455A41D5D8}.Debug|Any CPU.Build.0 = Debug|Any CPU
		{A5DB719C-719F-405E-B0FC-65455A41D5D8}.Release|Any CPU.ActiveCfg = Release|Any CPU
		{A5DB719C-719F-405E-B0FC-65455A41D5D8}.Release|Any CPU.Build.0 = Release|Any CPU
		{1A16F9B3-7D26-40E7-9CA1-7773B0C5130B}.Debug|Any CPU.ActiveCfg = Debug|Any CPU
		{1A16F9B3-7D26-40E7-9CA1-7773B0C5130B}.Debug|Any CPU.Build.0 = Debug|Any CPU
		{1A16F9B3-7D26-40E7-9CA1-7773B0C5130B}.Release|Any CPU.ActiveCfg = Release|Any CPU
		{1A16F9B3-7D26-40E7-9CA1-7773B0C5130B}.Release|Any CPU.Build.0 = Release|Any CPU
		{C0AB4B58-6BE8-4285-BE55-A994A9F3150A}.Debug|Any CPU.ActiveCfg = Debug|Any CPU
		{C0AB4B58-6BE8-4285-BE55-A994A9F3150A}.Debug|Any CPU.Build.0 = Debug|Any CPU
		{C0AB4B58-6BE8-4285-BE55-A994A9F3150A}.Release|Any CPU.ActiveCfg = Release|Any CPU
		{C0AB4B58-6BE8-4285-BE55-A994A9F3150A}.Release|Any CPU.Build.0 = Release|Any CPU
		{8C4940F3-D2D0-46F1-9270-6627FBFC1E9D}.Debug|Any CPU.ActiveCfg = Debug|Any CPU
		{8C4940F3-D2D0-46F1-9270-6627FBFC1E9D}.Debug|Any CPU.Build.0 = Debug|Any CPU
		{8C4940F3-D2D0-46F1-9270-6627FBFC1E9D}.Release|Any CPU.ActiveCfg = Release|Any CPU
		{8C4940F3-D2D0-46F1-9270-6627FBFC1E9D}.Release|Any CPU.Build.0 = Release|Any CPU
		{6B9DCC06-0388-41A5-9E41-0B4D7B4E7801}.Debug|Any CPU.ActiveCfg = Debug|Any CPU
		{6B9DCC06-0388-41A5-9E41-0B4D7B4E7801}.Debug|Any CPU.Build.0 = Debug|Any CPU
		{6B9DCC06-0388-41A5-9E41-0B4D7B4E7801}.Release|Any CPU.ActiveCfg = Release|Any CPU
		{6B9DCC06-0388-41A5-9E41-0B4D7B4E7801}.Release|Any CPU.Build.0 = Release|Any CPU
		{B5F8FF1A-9B4E-49CD-9E62-8F35F180525C}.Debug|Any CPU.ActiveCfg = Debug|Any CPU
		{B5F8FF1A-9B4E-49CD-9E62-8F35F180525C}.Debug|Any CPU.Build.0 = Debug|Any CPU
		{B5F8FF1A-9B4E-49CD-9E62-8F35F180525C}.Release|Any CPU.ActiveCfg = Release|Any CPU
		{B5F8FF1A-9B4E-49CD-9E62-8F35F180525C}.Release|Any CPU.Build.0 = Release|Any CPU
	EndGlobalSection
	GlobalSection(SolutionProperties) = preSolution
		HideSolutionNode = FALSE
	EndGlobalSection
	GlobalSection(NestedProjects) = preSolution
		{33E87F0A-D785-4C15-843A-0245606FC1F7} = {02EA681E-C7D8-13C7-8484-4AC65E1B71E8}
		{A5DB719C-719F-405E-B0FC-65455A41D5D8} = {3ACDDECD-EFE1-431A-ACF8-DC47F2474853}
		{1A16F9B3-7D26-40E7-9CA1-7773B0C5130B} = {2FE459EA-DADC-4F55-B006-F7C85EDBDA22}
		{C0AB4B58-6BE8-4285-BE55-A994A9F3150A} = {1C7E7B56-2BD1-4B07-935A-512D61978CF1}
		{8C4940F3-D2D0-46F1-9270-6627FBFC1E9D} = {543155D4-C4C8-46FF-810C-69A9D6638F73}
		{6B9DCC06-0388-41A5-9E41-0B4D7B4E7801} = {DA8B7C6E-9AF0-46BB-BAB6-E0D075678000}
		{B5F8FF1A-9B4E-49CD-9E62-8F35F180525C} = {78C0ECEB-087A-4A8A-90E1-5AB8ED26B176}
	EndGlobalSection
	GlobalSection(ExtensibilityGlobals) = postSolution
		SolutionGuid = {A56789BC-DDE8-4A5C-BCD2-C5D4B05C9770}
	EndGlobalSection
EndGlobal
